
Microsoft Visual Studio Solution File, Format Version 12.00
# Visual Studio 14
VisualStudioVersion = 14.0.25420.1
MinimumVisualStudioVersion = 10.0.40219.1
Project("{FAE04EC0-301F-11D3-BF4B-00C04F79EFBC}") = "WordBrainSolver", "WordBrainSolver\WordBrainSolver.csproj", "{800072CB-30A5-401D-A409-32640C5C7B52}"
EndProject
Project("{FAE04EC0-301F-11D3-BF4B-00C04F79EFBC}") = "WordBrainSolver.Tests", "WordBrainSolver.Tests\WordBrainSolver.Tests.csproj", "{D2BDBAB4-AA05-4688-9A51-61A4651BA602}"
EndProject
Global
	GlobalSection(SolutionConfigurationPlatforms) = preSolution
		Debug|Any CPU = Debug|Any CPU
		Release|Any CPU = Release|Any CPU
	EndGlobalSection
	GlobalSection(ProjectConfigurationPlatforms) = postSolution
		{800072CB-30A5-401D-A409-32640C5C7B52}.Debug|Any CPU.ActiveCfg = Debug|Any CPU
		{800072CB-30A5-401D-A409-32640C5C7B52}.Debug|Any CPU.Build.0 = Debug|Any CPU
		{800072CB-30A5-401D-A409-32640C5C7B52}.Release|Any CPU.ActiveCfg = Release|Any CPU
		{800072CB-30A5-401D-A409-32640C5C7B52}.Release|Any CPU.Build.0 = Release|Any CPU
		{D2BDBAB4-AA05-4688-9A51-61A4651BA602}.Debug|Any CPU.ActiveCfg = Debug|Any CPU
		{D2BDBAB4-AA05-4688-9A51-61A4651BA602}.Debug|Any CPU.Build.0 = Debug|Any CPU
		{D2BDBAB4-AA05-4688-9A51-61A4651BA602}.Release|Any CPU.ActiveCfg = Release|Any CPU
		{D2BDBAB4-AA05-4688-9A51-61A4651BA602}.Release|Any CPU.Build.0 = Release|Any CPU
	EndGlobalSection
	GlobalSection(SolutionProperties) = preSolution
		HideSolutionNode = FALSE
	EndGlobalSection
EndGlobal
